PODS:
  - Alamofire (5.10.2)
  - NVActivityIndicatorView (4.8.0):
    - NVActivityIndicatorView/Presenter (= 4.8.0)
  - NVActivityIndicatorView/Presenter (4.8.0)

DEPENDENCIES:
  - Alamofire
  - NVActivityIndicatorView (~> 4.8.0)

SPEC REPOS:
  trunk:
    - Alamofire
    - NVActivityIndicatorView

SPEC CHECKSUMS:
  Alamofire: 7193b3b92c74a07f85569e1a6c4f4237291e7496
  NVActivityIndicatorView: d24b7ebcf80af5dcd994adb650e2b6c93379270f

PODFILE CHECKSUM: 2039de2827431784a7483d214997f4e496e74d7d

COCOAPODS: 1.16.2
